
Microsoft Visual Studio Solution File, Format Version 12.00
# Visual Studio Version 17
VisualStudioVersion = 17.7.34031.279
MinimumVisualStudioVersion = 10.0.40219.1
Project("{9A19103F-16F7-4668-BE54-9A1E7A4F7556}") = "IdentityServer", "IdentityServer.csproj", "{4CDFA022-02C7-43EA-91D3-DDF46175DBD8}"
EndProject
Project("{FAE04EC0-301F-11D3-BF4B-00C04F79EFBC}") = "IdentityAPI", "..\IdentityAPI\IdentityAPI.csproj", "{FC6312A5-1A06-4D33-A6A2-BBFFDEAB42E0}"
EndProject
Project("{FAE04EC0-301F-11D3-BF4B-00C04F79EFBC}") = "TestIdentityClient", "..\TestIdentityClient\TestIdentityClient.csproj", "{2BE3E2D5-0B07-4DA4-A133-8C2EF6404EB2}"
EndProject
Project("{9A19103F-16F7-4668-BE54-9A1E7A4F7556}") = "WebClient", "..\WebClient\WebClient.csproj", "{2E6ADBD8-BC83-4DC3-A824-78DE47D615B4}"
EndProject
Global
	GlobalSection(SolutionConfigurationPlatforms) = preSolution
		Debug|Any CPU = Debug|Any CPU
		Release|Any CPU = Release|Any CPU
	EndGlobalSection
	GlobalSection(ProjectConfigurationPlatforms) = postSolution
		{4CDFA022-02C7-43EA-91D3-DDF46175DBD8}.Debug|Any CPU.ActiveCfg = Debug|Any CPU
		{4CDFA022-02C7-43EA-91D3-DDF46175DBD8}.Debug|Any CPU.Build.0 = Debug|Any CPU
		{4CDFA022-02C7-43EA-91D3-DDF46175DBD8}.Release|Any CPU.ActiveCfg = Release|Any CPU
		{4CDFA022-02C7-43EA-91D3-DDF46175DBD8}.Release|Any CPU.Build.0 = Release|Any CPU
		{FC6312A5-1A06-4D33-A6A2-BBFFDEAB42E0}.Debug|Any CPU.ActiveCfg = Debug|Any CPU
		{FC6312A5-1A06-4D33-A6A2-BBFFDEAB42E0}.Debug|Any CPU.Build.0 = Debug|Any CPU
		{FC6312A5-1A06-4D33-A6A2-BBFFDEAB42E0}.Release|Any CPU.ActiveCfg = Release|Any CPU
		{FC6312A5-1A06-4D33-A6A2-BBFFDEAB42E0}.Release|Any CPU.Build.0 = Release|Any CPU
		{2BE3E2D5-0B07-4DA4-A133-8C2EF6404EB2}.Debug|Any CPU.ActiveCfg = Debug|Any CPU
		{2BE3E2D5-0B07-4DA4-A133-8C2EF6404EB2}.Debug|Any CPU.Build.0 = Debug|Any CPU
		{2BE3E2D5-0B07-4DA4-A133-8C2EF6404EB2}.Release|Any CPU.ActiveCfg = Release|Any CPU
		{2BE3E2D5-0B07-4DA4-A133-8C2EF6404EB2}.Release|Any CPU.Build.0 = Release|Any CPU
		{2E6ADBD8-BC83-4DC3-A824-78DE47D615B4}.Debug|Any CPU.ActiveCfg = Debug|Any CPU
		{2E6ADBD8-BC83-4DC3-A824-78DE47D615B4}.Debug|Any CPU.Build.0 = Debug|Any CPU
		{2E6ADBD8-BC83-4DC3-A824-78DE47D615B4}.Release|Any CPU.ActiveCfg = Release|Any CPU
		{2E6ADBD8-BC83-4DC3-A824-78DE47D615B4}.Release|Any CPU.Build.0 = Release|Any CPU
	EndGlobalSection
	GlobalSection(SolutionProperties) = preSolution
		HideSolutionNode = FALSE
	EndGlobalSection
	GlobalSection(ExtensibilityGlobals) = postSolution
		SolutionGuid = {D723FDC1-CAE9-4A1B-B279-1FB067385088}
	EndGlobalSection
EndGlobal
